
Microsoft Visual Studio Solution File, Format Version 12.00
# Visual Studio Version 17
VisualStudioVersion = 17.2.32519.379
MinimumVisualStudioVersion = 10.0.40219.1
Project("{FAE04EC0-301F-11D3-BF4B-00C04F79EFBC}") = "floppyBird2.011123", "floppyBird2.011123\floppyBird2.011123.csproj", "{D4968A49-5189-402E-9E98-D26333986BF1}"
EndProject
Global
	GlobalSection(SolutionConfigurationPlatforms) = preSolution
		Debug|Any CPU = Debug|Any CPU
		Release|Any CPU = Release|Any CPU
	EndGlobalSection
	GlobalSection(ProjectConfigurationPlatforms) = postSolution
		{D4968A49-5189-402E-9E98-D26333986BF1}.Debug|Any CPU.ActiveCfg = Debug|Any CPU
		{D4968A49-5189-402E-9E98-D26333986BF1}.Debug|Any CPU.Build.0 = Debug|Any CPU
		{D4968A49-5189-402E-9E98-D26333986BF1}.Release|Any CPU.ActiveCfg = Release|Any CPU
		{D4968A49-5189-402E-9E98-D26333986BF1}.Release|Any CPU.Build.0 = Release|Any CPU
	EndGlobalSection
	GlobalSection(SolutionProperties) = preSolution
		HideSolutionNode = FALSE
	EndGlobalSection
	GlobalSection(ExtensibilityGlobals) = postSolution
		SolutionGuid = {1164B945-9CD9-490E-81AF-9F14E4035107}
	EndGlobalSection
EndGlobal
